
Microsoft Visual Studio Solution File, Format Version 12.00
# Visual Studio Version 17
VisualStudioVersion = 17.2.32526.322
MinimumVisualStudioVersion = 10.0.40219.1
Project("{9A19103F-16F7-4668-BE54-9A1E7A4F7556}") = "RabitMqProductAPI", "RabitMqProductAPI\RabitMqProductAPI.csproj", "{EB2571CE-C2F8-44DE-82F3-448D9F0A6A26}"
EndProject
Project("{FAE04EC0-301F-11D3-BF4B-00C04F79EFBC}") = "RabitMqProductAPI.EventBus", "RabitMqProductAPI.EventBus\RabitMqProductAPI.EventBus.csproj", "{395C0D01-6A39-4A0B-93AD-E006A68E5CDE}"
EndProject
Project("{FAE04EC0-301F-11D3-BF4B-00C04F79EFBC}") = "RabitMqProductAPI.Common", "RabitMqProductAPI.Common\RabitMqProductAPI.Common.csproj", "{33AD2EC0-1641-4F64-9DB7-AC988A83E75B}"
EndProject
Global
	GlobalSection(SolutionConfigurationPlatforms) = preSolution
		Debug|Any CPU = Debug|Any CPU
		Release|Any CPU = Release|Any CPU
	EndGlobalSection
	GlobalSection(ProjectConfigurationPlatforms) = postSolution
		{EB2571CE-C2F8-44DE-82F3-448D9F0A6A26}.Debug|Any CPU.ActiveCfg = Debug|Any CPU
		{EB2571CE-C2F8-44DE-82F3-448D9F0A6A26}.Debug|Any CPU.Build.0 = Debug|Any CPU
		{EB2571CE-C2F8-44DE-82F3-448D9F0A6A26}.Release|Any CPU.ActiveCfg = Release|Any CPU
		{EB2571CE-C2F8-44DE-82F3-448D9F0A6A26}.Release|Any CPU.Build.0 = Release|Any CPU
		{395C0D01-6A39-4A0B-93AD-E006A68E5CDE}.Debug|Any CPU.ActiveCfg = Debug|Any CPU
		{395C0D01-6A39-4A0B-93AD-E006A68E5CDE}.Debug|Any CPU.Build.0 = Debug|Any CPU
		{395C0D01-6A39-4A0B-93AD-E006A68E5CDE}.Release|Any CPU.ActiveCfg = Release|Any CPU
		{395C0D01-6A39-4A0B-93AD-E006A68E5CDE}.Release|Any CPU.Build.0 = Release|Any CPU
		{33AD2EC0-1641-4F64-9DB7-AC988A83E75B}.Debug|Any CPU.ActiveCfg = Debug|Any CPU
		{33AD2EC0-1641-4F64-9DB7-AC988A83E75B}.Debug|Any CPU.Build.0 = Debug|Any CPU
		{33AD2EC0-1641-4F64-9DB7-AC988A83E75B}.Release|Any CPU.ActiveCfg = Release|Any CPU
		{33AD2EC0-1641-4F64-9DB7-AC988A83E75B}.Release|Any CPU.Build.0 = Release|Any CPU
	EndGlobalSection
	GlobalSection(SolutionProperties) = preSolution
		HideSolutionNode = FALSE
	EndGlobalSection
	GlobalSection(ExtensibilityGlobals) = postSolution
		SolutionGuid = {F458541A-106C-4D7C-A35F-0606E0F9DA73}
	EndGlobalSection
EndGlobal
